{
  "name": "avocado-components-pov",
  "version": "0.0.1",
  "lockfileVersion": 1,
  "requires": true,
  "dependencies": {
    "@sap-theming/theming-base-content": {
      "version": "11.1.19",
      "resolved": "https://registry.npmjs.org/@sap-theming/theming-base-content/-/theming-base-content-11.1.19.tgz",
      "integrity": "sha512-0RIoniX0XgQDMfMsySvNDeXVGtH3UQRQMkJYFIkaq/nrTGSyfXT9k+B4CbTf4546dyrlLM0YoaHIOtxmMsh1ZA=="
    },
    "@stencil/core": {
      "version": "2.3.0",
      "resolved": "https://registry.npmjs.org/@stencil/core/-/core-2.3.0.tgz",
      "integrity": "sha512-VZ/Ox0E1kngcmHbJhHUufuLELi+xG3of3LuRI3X2AMWyE82JUVYlOEsQci/YBZWpfc9BS9I36R88prBew22oew=="
    },
    "@ui5/webcomponents": {
      "version": "1.0.0-rc.11",
      "resolved": "https://registry.npmjs.org/@ui5/webcomponents/-/webcomponents-1.0.0-rc.11.tgz",
      "integrity": "sha512-bjHUWw5NF+0mzJz4dF9pY0rLduYXoDTkVcCfc36s8OUB0mcWsriR/gWlrSbV/tfUpYLMZEgy8BspGeyLV8EjIQ==",
      "requires": {
        "@ui5/webcomponents-base": "0.28.0",
        "@ui5/webcomponents-icons": "1.0.0-rc.11",
        "@ui5/webcomponents-localization": "0.28.0",
        "@ui5/webcomponents-theme-base": "1.0.0-rc.11"
      }
    },
    "@ui5/webcomponents-base": {
      "version": "0.28.0",
      "resolved": "https://registry.npmjs.org/@ui5/webcomponents-base/-/webcomponents-base-0.28.0.tgz",
      "integrity": "sha512-mB5M5fhVC2mX94USlTpK5ihtcfAR4KrMKY1q0VS6nfuMLoNGmi/5DfG84CH9q3pXBkJxVJ0oBxWuwxBVBnQ0zA==",
      "requires": {
        "css-vars-ponyfill": "^2.1.2",
        "lit-html": "^1.0.0",
        "regenerator-runtime": "0.12.1",
        "url-search-params-polyfill": "^5.0.0"
      }
    },
    "@ui5/webcomponents-icons": {
      "version": "1.0.0-rc.11",
      "resolved": "https://registry.npmjs.org/@ui5/webcomponents-icons/-/webcomponents-icons-1.0.0-rc.11.tgz",
      "integrity": "sha512-Miw4V6c9aR/8Sifebnz2MMOub0TojiQamY4LA1CdIlODc8dfVXo0VAtk5wNGZbcP1oU7n4yAzkudVhlsuHk33A==",
      "requires": {
        "@ui5/webcomponents-base": "0.28.0"
      }
    },
    "@ui5/webcomponents-localization": {
      "version": "0.28.0",
      "resolved": "https://registry.npmjs.org/@ui5/webcomponents-localization/-/webcomponents-localization-0.28.0.tgz",
      "integrity": "sha512-H4h0YsYgnM9WE+q8bZAtT9GCMZX3FNMZDVoxTyqghRGtXpHcw5PLxcFniJq/+4P56idP/BPpTimQTR6uiWXEIQ==",
      "requires": {
        "@ui5/webcomponents-base": "0.28.0"
      }
    },
    "@ui5/webcomponents-theme-base": {
      "version": "1.0.0-rc.11",
      "resolved": "https://registry.npmjs.org/@ui5/webcomponents-theme-base/-/webcomponents-theme-base-1.0.0-rc.11.tgz",
      "integrity": "sha512-NEK8xgEg+mJTgKkfhPYBIGHMpjT5nkS+PXhMYEPllZDrGHF3i/57pCd/0276Enk+34DqT1vrURuP0ZnsVhUa3w==",
      "requires": {
        "@sap-theming/theming-base-content": "11.1.19",
        "@ui5/webcomponents-base": "0.28.0"
      }
    },
    "css-vars-ponyfill": {
      "version": "2.4.2",
      "resolved": "https://registry.npmjs.org/css-vars-ponyfill/-/css-vars-ponyfill-2.4.2.tgz",
      "integrity": "sha512-kp8Ufs7jJDoaSym1hw/deawtakLJJTAQMB4ZgkdyOwCTJHqEClbpXI910ovQU4Guxt37EcdRiqppG9ihFyCjPQ=="
    },
    "lit-html": {
      "version": "1.3.0",
      "resolved": "https://registry.npmjs.org/lit-html/-/lit-html-1.3.0.tgz",
      "integrity": "sha512-0Q1bwmaFH9O14vycPHw8C/IeHMk/uSDldVLIefu/kfbTBGIc44KGH6A8p1bDfxUfHdc8q6Ct7kQklWoHgr4t1Q=="
    },
    "regenerator-runtime": {
      "version": "0.12.1",
      "resolved": "https://registry.npmjs.org/regenerator-runtime/-/regenerator-runtime-0.12.1.tgz",
      "integrity": "sha512-odxIc1/vDlo4iZcfXqRYFj0vpXFNoGdKMAUieAlFYO6m/nl5e9KR/beGf41z4a1FI+aQgtjhuaSlDxQ0hmkrHg=="
    },
    "url-search-params-polyfill": {
      "version": "5.1.0",
      "resolved": "https://registry.npmjs.org/url-search-params-polyfill/-/url-search-params-polyfill-5.1.0.tgz",
      "integrity": "sha512-yjFY7uw2xRf9e8Mg4ZVkZwtp8dMCC4cbBkEIZiTDpuSY2WJ9+Quw0wRhxncv32qaMQwmBQT+P847rO8PrFhhDA=="
    }
  }
}
